
Microsoft Visual Studio Solution File, Format Version 12.00
# Visual Studio Version 17
VisualStudioVersion = 17.4.33205.214
MinimumVisualStudioVersion = 10.0.40219.1
Project("{FAE04EC0-301F-11D3-BF4B-00C04F79EFBC}") = "Ejercicio 1", "Ejercicio 1.csproj", "{806BC726-4029-4841-9F4C-7C8278ECAB77}"
EndProject
Project("{FAE04EC0-301F-11D3-BF4B-00C04F79EFBC}") = "Ejercicio 2", "..\Ejercicio 2\Ejercicio 2.csproj", "{ECA1453F-1BFD-442E-8473-F5218C4ED901}"
EndProject
Project("{FAE04EC0-301F-11D3-BF4B-00C04F79EFBC}") = "Ejercicio 3", "..\Ejercicio 3\Ejercicio 3.csproj", "{FDC0D562-B59A-4813-A212-5E4654766E52}"
EndProject
Global
	GlobalSection(SolutionConfigurationPlatforms) = preSolution
		Debug|Any CPU = Debug|Any CPU
		Release|Any CPU = Release|Any CPU
	EndGlobalSection
	GlobalSection(ProjectConfigurationPlatforms) = postSolution
		{806BC726-4029-4841-9F4C-7C8278ECAB77}.Debug|Any CPU.ActiveCfg = Debug|Any CPU
		{806BC726-4029-4841-9F4C-7C8278ECAB77}.Debug|Any CPU.Build.0 = Debug|Any CPU
		{806BC726-4029-4841-9F4C-7C8278ECAB77}.Release|Any CPU.ActiveCfg = Release|Any CPU
		{806BC726-4029-4841-9F4C-7C8278ECAB77}.Release|Any CPU.Build.0 = Release|Any CPU
		{ECA1453F-1BFD-442E-8473-F5218C4ED901}.Debug|Any CPU.ActiveCfg = Debug|Any CPU
		{ECA1453F-1BFD-442E-8473-F5218C4ED901}.Debug|Any CPU.Build.0 = Debug|Any CPU
		{ECA1453F-1BFD-442E-8473-F5218C4ED901}.Release|Any CPU.ActiveCfg = Release|Any CPU
		{ECA1453F-1BFD-442E-8473-F5218C4ED901}.Release|Any CPU.Build.0 = Release|Any CPU
		{FDC0D562-B59A-4813-A212-5E4654766E52}.Debug|Any CPU.ActiveCfg = Debug|Any CPU
		{FDC0D562-B59A-4813-A212-5E4654766E52}.Debug|Any CPU.Build.0 = Debug|Any CPU
		{FDC0D562-B59A-4813-A212-5E4654766E52}.Release|Any CPU.ActiveCfg = Release|Any CPU
		{FDC0D562-B59A-4813-A212-5E4654766E52}.Release|Any CPU.Build.0 = Release|Any CPU
	EndGlobalSection
	GlobalSection(SolutionProperties) = preSolution
		HideSolutionNode = FALSE
	EndGlobalSection
	GlobalSection(ExtensibilityGlobals) = postSolution
		SolutionGuid = {A8242F71-1C46-46BB-86DC-57FEA1F701AF}
	EndGlobalSection
EndGlobal
