
Microsoft Visual Studio Solution File, Format Version 12.00
# Visual Studio Version 17
VisualStudioVersion = 17.4.33205.214
MinimumVisualStudioVersion = 10.0.40219.1
Project("{9A19103F-16F7-4668-BE54-9A1E7A4F7556}") = "Ejercicio 1", "Ejercicio 1\Ejercicio 1.csproj", "{043E5891-595F-4BE4-8BE1-1273D22B2591}"
EndProject
Project("{FAE04EC0-301F-11D3-BF4B-00C04F79EFBC}") = "Ejercicio 2", "Ejercicio 2\Ejercicio 2.csproj", "{D677A9D6-285E-4487-8A24-69DC6554A180}"
EndProject
Global
	GlobalSection(SolutionConfigurationPlatforms) = preSolution
		Debug|Any CPU = Debug|Any CPU
		Release|Any CPU = Release|Any CPU
	EndGlobalSection
	GlobalSection(ProjectConfigurationPlatforms) = postSolution
		{043E5891-595F-4BE4-8BE1-1273D22B2591}.Debug|Any CPU.ActiveCfg = Debug|Any CPU
		{043E5891-595F-4BE4-8BE1-1273D22B2591}.Debug|Any CPU.Build.0 = Debug|Any CPU
		{043E5891-595F-4BE4-8BE1-1273D22B2591}.Release|Any CPU.ActiveCfg = Release|Any CPU
		{043E5891-595F-4BE4-8BE1-1273D22B2591}.Release|Any CPU.Build.0 = Release|Any CPU
		{D677A9D6-285E-4487-8A24-69DC6554A180}.Debug|Any CPU.ActiveCfg = Debug|Any CPU
		{D677A9D6-285E-4487-8A24-69DC6554A180}.Debug|Any CPU.Build.0 = Debug|Any CPU
		{D677A9D6-285E-4487-8A24-69DC6554A180}.Release|Any CPU.ActiveCfg = Release|Any CPU
		{D677A9D6-285E-4487-8A24-69DC6554A180}.Release|Any CPU.Build.0 = Release|Any CPU
	EndGlobalSection
	GlobalSection(SolutionProperties) = preSolution
		HideSolutionNode = FALSE
	EndGlobalSection
	GlobalSection(ExtensibilityGlobals) = postSolution
		SolutionGuid = {B323F07D-0304-48B0-B52F-BFCC60DF0368}
	EndGlobalSection
EndGlobal
